
Microsoft Visual Studio Solution File, Format Version 12.00
Project("{FAE04EC0-301F-11D3-BF4B-00C04F79EFBC}") = "WebApplication2", "WebApplication2\WebApplication2.csproj", "{ECFB1C99-BBE3-4F94-BF5D-411F25E3F5C8}"
EndProject
Global
	GlobalSection(SolutionConfigurationPlatforms) = preSolution
		Debug|Any CPU = Debug|Any CPU
		Release|Any CPU = Release|Any CPU
	EndGlobalSection
	GlobalSection(ProjectConfigurationPlatforms) = postSolution
		{ECFB1C99-BBE3-4F94-BF5D-411F25E3F5C8}.Debug|Any CPU.ActiveCfg = Debug|Any CPU
		{ECFB1C99-BBE3-4F94-BF5D-411F25E3F5C8}.Debug|Any CPU.Build.0 = Debug|Any CPU
		{ECFB1C99-BBE3-4F94-BF5D-411F25E3F5C8}.Release|Any CPU.ActiveCfg = Release|Any CPU
		{ECFB1C99-BBE3-4F94-BF5D-411F25E3F5C8}.Release|Any CPU.Build.0 = Release|Any CPU
	EndGlobalSection
EndGlobal
